
Microsoft Visual Studio Solution File, Format Version 12.00
# Visual Studio Version 17
VisualStudioVersion = 17.3.32929.385
MinimumVisualStudioVersion = 10.0.40219.1
Project("{FAE04EC0-301F-11D3-BF4B-00C04F79EFBC}") = "ForTabuada", "ForTabuada\ForTabuada.csproj", "{12A62865-06AD-44BF-A395-6367E6095305}"
EndProject
Global
	GlobalSection(SolutionConfigurationPlatforms) = preSolution
		Debug|Any CPU = Debug|Any CPU
		Release|Any CPU = Release|Any CPU
	EndGlobalSection
	GlobalSection(ProjectConfigurationPlatforms) = postSolution
		{12A62865-06AD-44BF-A395-6367E6095305}.Debug|Any CPU.ActiveCfg = Debug|Any CPU
		{12A62865-06AD-44BF-A395-6367E6095305}.Debug|Any CPU.Build.0 = Debug|Any CPU
		{12A62865-06AD-44BF-A395-6367E6095305}.Release|Any CPU.ActiveCfg = Release|Any CPU
		{12A62865-06AD-44BF-A395-6367E6095305}.Release|Any CPU.Build.0 = Release|Any CPU
	EndGlobalSection
	GlobalSection(SolutionProperties) = preSolution
		HideSolutionNode = FALSE
	EndGlobalSection
	GlobalSection(ExtensibilityGlobals) = postSolution
		SolutionGuid = {46218965-CF4E-4E14-93DC-0D4EEE5F1110}
	EndGlobalSection
EndGlobal
